
Microsoft Visual Studio Solution File, Format Version 12.00
# Visual Studio Version 17
VisualStudioVersion = 17.1.32210.238
MinimumVisualStudioVersion = 10.0.40219.1
Project("{FAE04EC0-301F-11D3-BF4B-00C04F79EFBC}") = "nary_node1", "nary_node1.csproj", "{FBC3EB61-9002-4D9E-A841-D993B2AE14C7}"
EndProject
Global
	GlobalSection(SolutionConfigurationPlatforms) = preSolution
		Debug|Any CPU = Debug|Any CPU
		Release|Any CPU = Release|Any CPU
	EndGlobalSection
	GlobalSection(ProjectConfigurationPlatforms) = postSolution
		{FBC3EB61-9002-4D9E-A841-D993B2AE14C7}.Debug|Any CPU.ActiveCfg = Debug|Any CPU
		{FBC3EB61-9002-4D9E-A841-D993B2AE14C7}.Debug|Any CPU.Build.0 = Debug|Any CPU
		{FBC3EB61-9002-4D9E-A841-D993B2AE14C7}.Release|Any CPU.ActiveCfg = Release|Any CPU
		{FBC3EB61-9002-4D9E-A841-D993B2AE14C7}.Release|Any CPU.Build.0 = Release|Any CPU
	EndGlobalSection
	GlobalSection(SolutionProperties) = preSolution
		HideSolutionNode = FALSE
	EndGlobalSection
	GlobalSection(ExtensibilityGlobals) = postSolution
		SolutionGuid = {D2C570F3-205D-48CE-A5DC-39AE64D53E19}
	EndGlobalSection
EndGlobal
